{
  "originHash" : "b1c96be307ab9eec96ec4ebed5febb8ac1a90e79f4c07db3cc9c9babc643e25c",
  "pins" : [
    {
      "identity" : "corredor",
      "kind" : "remoteSourceControl",
      "location" : "https://github.com/platacard/corredor.git",
      "state" : {
        "revision" : "0bd26411795fd7b2a11104fa058a2e1d4cd719ac",
        "version" : "1.2.1"
      }
    },
    {
      "identity" : "cronista",
      "kind" : "remoteSourceControl",
      "location" : "https://github.com/platacard/cronista.git",
      "state" : {
        "revision" : "59a7fb96af117c8c4d50911c9470aaf20aa7eac3",
        "version" : "1.0.3"
      }
    }
  ],
  "version" : 3
}
